// !$*UTF8*$!
{
	archiveVersion = 1;
	classes = {
	};
	objectVersion = 48;
	objects = {

/* Begin PBXBuildFile section */
		8879AF741FE93C1700FDF936 /* AppDelegate.swift in Sources */ = {isa = PBXBuildFile; fileRef = 8879AF731FE93C1700FDF936 /* AppDelegate.swift */; };
		8879AF791FE93C1700FDF936 /* Main.storyboard in Resources */ = {isa = PBXBuildFile; fileRef = 8879AF771FE93C1700FDF936 /* Main.storyboard */; };
		8879AF7E1FE93C1700FDF936 /* LaunchScreen.storyboard in Resources */ = {isa = PBXBuildFile; fileRef = 8879AF7C1FE93C1700FDF936 /* LaunchScreen.storyboard */; };
		8879AF861FE93D5C00FDF936 /* Assets.xcassets in Resources */ = {isa = PBXBuildFile; fileRef = 8879AF851FE93D5C00FDF936 /* Assets.xcassets */; };
		8879AF881FE9596F00FDF936 /* CollectionViewController.swift in Sources */ = {isa = PBXBuildFile; fileRef = 8879AF871FE9596E00FDF936 /* CollectionViewController.swift */; };
		8879AF921FE95C5F00FDF936 /* Fruit.swift in Sources */ = {isa = PBXBuildFile; fileRef = 8879AF911FE95C5F00FDF936 /* Fruit.swift */; };
		8879AF951FE9654400FDF936 /* FruitCollectionViewCell.swift in Sources */ = {isa = PBXBuildFile; fileRef = 8879AF931FE9654400FDF936 /* FruitCollectionViewCell.swift */; };
		8879AF961FE9654400FDF936 /* FruitCollectionViewCell.xib in Resources */ = {isa = PBXBuildFile; fileRef = 8879AF941FE9654400FDF936 /* FruitCollectionViewCell.xib */; };
		8879AF981FE971D600FDF936 /* DetailsViewController.swift in Sources */ = {isa = PBXBuildFile; fileRef = 8879AF971FE971D600FDF936 /* DetailsViewController.swift */; };
/* End PBXBuildFile section */

/* Begin PBXFileReference section */
		8879AF701FE93C1700FDF936 /* CollectionExample_cw22.app */ = {isa = PBXFileReference; explicitFileType = wrapper.application; includeInIndex = 0; path = CollectionExample_cw22.app; sourceTree = BUILT_PRODUCTS_DIR; };
		8879AF731FE93C1700FDF936 /* AppDelegate.swift */ = {isa = PBXFileReference; lastKnownFileType = sourcecode.swift; path = AppDelegate.swift; sourceTree = "<group>"; };
		8879AF781FE93C1700FDF936 /* Base */ = {isa = PBXFileReference; lastKnownFileType = file.storyboard; name = Base; path = Base.lproj/Main.storyboard; sourceTree = "<group>"; };
		8879AF7D1FE93C1700FDF936 /* Base */ = {isa = PBXFileReference; lastKnownFileType = file.storyboard; name = Base; path = Base.lproj/LaunchScreen.storyboard; sourceTree = "<group>"; };
		8879AF7F1FE93C1700FDF936 /* Info.plist */ = {isa = PBXFileReference; lastKnownFileType = text.plist.xml; path = Info.plist; sourceTree = "<group>"; };
		8879AF851FE93D5C00FDF936 /* Assets.xcassets */ = {isa = PBXFileReference; lastKnownFileType = folder.assetcatalog; path = Assets.xcassets; sourceTree = "<group>"; };
		8879AF871FE9596E00FDF936 /* CollectionViewController.swift */ = {isa = PBXFileReference; lastKnownFileType = sourcecode.swift; path = CollectionViewController.swift; sourceTree = "<group>"; };
		8879AF911FE95C5F00FDF936 /* Fruit.swift */ = {isa = PBXFileReference; lastKnownFileType = sourcecode.swift; path = Fruit.swift; sourceTree = "<group>"; };
		8879AF931FE9654400FDF936 /* FruitCollectionViewCell.swift */ = {isa = PBXFileReference; lastKnownFileType = sourcecode.swift; path = FruitCollectionViewCell.swift; sourceTree = "<group>"; };
		8879AF941FE9654400FDF936 /* FruitCollectionViewCell.xib */ = {isa = PBXFileReference; lastKnownFileType = file.xib; path = FruitCollectionViewCell.xib; sourceTree = "<group>"; };
		8879AF971FE971D600FDF936 /* DetailsViewController.swift */ = {isa = PBXFileReference; lastKnownFileType = sourcecode.swift; path = DetailsViewController.swift; sourceTree = "<group>"; };
/* End PBXFileReference section */

/* Begin PBXFrameworksBuildPhase section */
		8879AF6D1FE93C1700FDF936 /* Frameworks */ = {
			isa = PBXFrameworksBuildPhase;
			buildActionMask = 2147483647;
			files = (
			);
			runOnlyForDeploymentPostprocessing = 0;
		};
/* End PBXFrameworksBuildPhase section */

/* Begin PBXGroup section */
		880AA1921FEA54A400D21887 /* Collection */ = {
			isa = PBXGroup;
			children = (
				8879AF871FE9596E00FDF936 /* CollectionViewController.swift */,
			);
			path = Collection;
			sourceTree = "<group>";
		};
		880AA1931FEA54C500D21887 /* Details */ = {
			isa = PBXGroup;
			children = (
				8879AF971FE971D600FDF936 /* DetailsViewController.swift */,
			);
			path = Details;
			sourceTree = "<group>";
		};
		8879AF671FE93C1600FDF936 = {
			isa = PBXGroup;
			children = (
				8879AF721FE93C1700FDF936 /* CollectionExample_cw22 */,
				8879AF711FE93C1700FDF936 /* Products */,
			);
			sourceTree = "<group>";
		};
		8879AF711FE93C1700FDF936 /* Products */ = {
			isa = PBXGroup;
			children = (
				8879AF701FE93C1700FDF936 /* CollectionExample_cw22.app */,
			);
			name = Products;
			sourceTree = "<group>";
		};
		8879AF721FE93C1700FDF936 /* CollectionExample_cw22 */ = {
			isa = PBXGroup;
			children = (
				8879AF8B1FE95A3F00FDF936 /* Models */,
				8879AF8A1FE95A3200FDF936 /* Views */,
				8879AF891FE95A2600FDF936 /* Controllers */,
				8879AF8C1FE95A5500FDF936 /* Supported files */,
			);
			path = CollectionExample_cw22;
			sourceTree = "<group>";
		};
		8879AF891FE95A2600FDF936 /* Controllers */ = {
			isa = PBXGroup;
			children = (
				880AA1921FEA54A400D21887 /* Collection */,
				880AA1931FEA54C500D21887 /* Details */,
				8879AF771FE93C1700FDF936 /* Main.storyboard */,
			);
			path = Controllers;
			sourceTree = "<group>";
		};
		8879AF8A1FE95A3200FDF936 /* Views */ = {
			isa = PBXGroup;
			children = (
				8879AF931FE9654400FDF936 /* FruitCollectionViewCell.swift */,
				8879AF941FE9654400FDF936 /* FruitCollectionViewCell.xib */,
			);
			path = Views;
			sourceTree = "<group>";
		};
		8879AF8B1FE95A3F00FDF936 /* Models */ = {
			isa = PBXGroup;
			children = (
				8879AF911FE95C5F00FDF936 /* Fruit.swift */,
			);
			path = Models;
			sourceTree = "<group>";
		};
		8879AF8C1FE95A5500FDF936 /* Supported files */ = {
			isa = PBXGroup;
			children = (
				8879AF731FE93C1700FDF936 /* AppDelegate.swift */,
				8879AF7C1FE93C1700FDF936 /* LaunchScreen.storyboard */,
				8879AF851FE93D5C00FDF936 /* Assets.xcassets */,
				8879AF7F1FE93C1700FDF936 /* Info.plist */,
			);
			name = "Supported files";
			sourceTree = "<group>";
		};
/* End PBXGroup section */

/* Begin PBXNativeTarget section */
		8879AF6F1FE93C1700FDF936 /* CollectionExample_cw22 */ = {
			isa = PBXNativeTarget;
			buildConfigurationList = 8879AF821FE93C1700FDF936 /* Build configuration list for PBXNativeTarget "CollectionExample_cw22" */;
			buildPhases = (
				8879AF6C1FE93C1700FDF936 /* Sources */,
				8879AF6D1FE93C1700FDF936 /* Frameworks */,
				8879AF6E1FE93C1700FDF936 /* Resources */,
			);
			buildRules = (
			);
			dependencies = (
			);
			name = CollectionExample_cw22;
			productName = CollectionExample_cw22;
			productReference = 8879AF701FE93C1700FDF936 /* CollectionExample_cw22.app */;
			productType = "com.apple.product-type.application";
		};
/* End PBXNativeTarget section */

/* Begin PBXProject section */
		8879AF681FE93C1600FDF936 /* Project object */ = {
			isa = PBXProject;
			attributes = {
				LastSwiftUpdateCheck = 0910;
				LastUpgradeCheck = 0910;
				ORGANIZATIONNAME = "Sergey Intern ";
				TargetAttributes = {
					8879AF6F1FE93C1700FDF936 = {
						CreatedOnToolsVersion = 9.1;
						ProvisioningStyle = Automatic;
					};
				};
			};
			buildConfigurationList = 8879AF6B1FE93C1600FDF936 /* Build configuration list for PBXProject "CollectionExample_cw22" */;
			compatibilityVersion = "Xcode 8.0";
			developmentRegion = en;
			hasScannedForEncodings = 0;
			knownRegions = (
				en,
				Base,
			);
			mainGroup = 8879AF671FE93C1600FDF936;
			productRefGroup = 8879AF711FE93C1700FDF936 /* Products */;
			projectDirPath = "";
			projectRoot = "";
			targets = (
				8879AF6F1FE93C1700FDF936 /* CollectionExample_cw22 */,
			);
		};
/* End PBXProject section */

/* Begin PBXResourcesBuildPhase section */
		8879AF6E1FE93C1700FDF936 /* Resources */ = {
			isa = PBXResourcesBuildPhase;
			buildActionMask = 2147483647;
			files = (
				8879AF7E1FE93C1700FDF936 /* LaunchScreen.storyboard in Resources */,
				8879AF961FE9654400FDF936 /* FruitCollectionViewCell.xib in Resources */,
				8879AF861FE93D5C00FDF936 /* Assets.xcassets in Resources */,
				8879AF791FE93C1700FDF936 /* Main.storyboard in Resources */,
			);
			runOnlyForDeploymentPostprocessing = 0;
		};
/* End PBXResourcesBuildPhase section */

/* Begin PBXSourcesBuildPhase section */
		8879AF6C1FE93C1700FDF936 /* Sources */ = {
			isa = PBXSourcesBuildPhase;
			buildActionMask = 2147483647;
			files = (
				8879AF921FE95C5F00FDF936 /* Fruit.swift in Sources */,
				8879AF951FE9654400FDF936 /* FruitCollectionViewCell.swift in Sources */,
				8879AF881FE9596F00FDF936 /* CollectionViewController.swift in Sources */,
				8879AF741FE93C1700FDF936 /* AppDelegate.swift in Sources */,
				8879AF981FE971D600FDF936 /* DetailsViewController.swift in Sources */,
			);
			runOnlyForDeploymentPostprocessing = 0;
		};
/* End PBXSourcesBuildPhase section */

/* Begin PBXVariantGroup section */
		8879AF771FE93C1700FDF936 /* Main.storyboard */ = {
			isa = PBXVariantGroup;
			children = (
				8879AF781FE93C1700FDF936 /* Base */,
			);
			name = Main.storyboard;
			sourceTree = "<group>";
		};
		8879AF7C1FE93C1700FDF936 /* LaunchScreen.storyboard */ = {
			isa = PBXVariantGroup;
			children = (
				8879AF7D1FE93C1700FDF936 /* Base */,
			);
			name = LaunchScreen.storyboard;
			sourceTree = "<group>";
		};
/* End PBXVariantGroup section */

/* Begin XCBuildConfiguration section */
		8879AF801FE93C1700FDF936 /* Debug */ = {
			isa = XCBuildConfiguration;
			buildSettings = {
				ALWAYS_SEARCH_USER_PATHS = NO;
				CLANG_ANALYZER_NONNULL = YES;
				CLANG_ANALYZER_NUMBER_OBJECT_CONVERSION = YES_AGGRESSIVE;
				CLANG_CXX_LANGUAGE_STANDARD = "gnu++14";
				CLANG_CXX_LIBRARY = "libc++";
				CLANG_ENABLE_MODULES = YES;
				CLANG_ENABLE_OBJC_ARC = YES;
				CLANG_WARN_BLOCK_CAPTURE_AUTORELEASING = YES;
				CLANG_WARN_BOOL_CONVERSION = YES;
				CLANG_WARN_COMMA = YES;
				CLANG_WARN_CONSTANT_CONVERSION = YES;
				CLANG_WARN_DIRECT_OBJC_ISA_USAGE = YES_ERROR;
				CLANG_WARN_DOCUMENTATION_COMMENTS = YES;
				CLANG_WARN_EMPTY_BODY = YES;
				CLANG_WARN_ENUM_CONVERSION = YES;
				CLANG_WARN_INFINITE_RECURSION = YES;
				CLANG_WARN_INT_CONVERSION = YES;
				CLANG_WARN_NON_LITERAL_NULL_CONVERSION = YES;
				CLANG_WARN_OBJC_LITERAL_CONVERSION = YES;
				CLANG_WARN_OBJC_ROOT_CLASS = YES_ERROR;
				CLANG_WARN_RANGE_LOOP_ANALYSIS = YES;
				CLANG_WARN_STRICT_PROTOTYPES = YES;
				CLANG_WARN_SUSPICIOUS_MOVE = YES;
				CLANG_WARN_UNGUARDED_AVAILABILITY = YES_AGGRESSIVE;
				CLANG_WARN_UNREACHABLE_CODE = YES;
				CLANG_WARN__DUPLICATE_METHOD_MATCH = YES;
				CODE_SIGN_IDENTITY = "iPhone Developer";
				COPY_PHASE_STRIP = NO;
				DEBUG_INFORMATION_FORMAT = dwarf;
				ENABLE_STRICT_OBJC_MSGSEND = YES;
				ENABLE_TESTABILITY = YES;
				GCC_C_LANGUAGE_STANDARD = gnu11;
				GCC_DYNAMIC_NO_PIC = NO;
				GCC_NO_COMMON_BLOCKS = YES;
				GCC_OPTIMIZATION_LEVEL = 0;
				GCC_PREPROCESSOR_DEFINITIONS = (
					"DEBUG=1",
					"$(inherited)",
				);
				GCC_WARN_64_TO_32_BIT_CONVERSION = YES;
				GCC_WARN_ABOUT_RETURN_TYPE = YES_ERROR;
				GCC_WARN_UNDECLARED_SELECTOR = YES;
				GCC_WARN_UNINITIALIZED_AUTOS = YES_AGGRESSIVE;
				GCC_WARN_UNUSED_FUNCTION = YES;
				GCC_WARN_UNUSED_VARIABLE = YES;
				IPHONEOS_DEPLOYMENT_TARGET = 11.1;
				MTL_ENABLE_DEBUG_INFO = YES;
				ONLY_ACTIVE_ARCH = YES;
				SDKROOT = iphoneos;
				SWIFT_ACTIVE_COMPILATION_CONDITIONS = DEBUG;
				SWIFT_OPTIMIZATION_LEVEL = "-Onone";
			};
			name = Debug;
		};
		8879AF811FE93C1700FDF936 /* Release */ = {
			isa = XCBuildConfiguration;
			buildSettings = {
				ALWAYS_SEARCH_USER_PATHS = NO;
				CLANG_ANALYZER_NONNULL = YES;
				CLANG_ANALYZER_NUMBER_OBJECT_CONVERSION = YES_AGGRESSIVE;
				CLANG_CXX_LANGUAGE_STANDARD = "gnu++14";
				CLANG_CXX_LIBRARY = "libc++";
				CLANG_ENABLE_MODULES = YES;
				CLANG_ENABLE_OBJC_ARC = YES;
				CLANG_WARN_BLOCK_CAPTURE_AUTORELEASING = YES;
				CLANG_WARN_BOOL_CONVERSION = YES;
				CLANG_WARN_COMMA = YES;
				CLANG_WARN_CONSTANT_CONVERSION = YES;
				CLANG_WARN_DIRECT_OBJC_ISA_USAGE = YES_ERROR;
				CLANG_WARN_DOCUMENTATION_COMMENTS = YES;
				CLANG_WARN_EMPTY_BODY = YES;
				CLANG_WARN_ENUM_CONVERSION = YES;
				CLANG_WARN_INFINITE_RECURSION = YES;
				CLANG_WARN_INT_CONVERSION = YES;
				CLANG_WARN_NON_LITERAL_NULL_CONVERSION = YES;
				CLANG_WARN_OBJC_LITERAL_CONVERSION = YES;
				CLANG_WARN_OBJC_ROOT_CLASS = YES_ERROR;
				CLANG_WARN_RANGE_LOOP_ANALYSIS = YES;
				CLANG_WARN_STRICT_PROTOTYPES = YES;
				CLANG_WARN_SUSPICIOUS_MOVE = YES;
				CLANG_WARN_UNGUARDED_AVAILABILITY = YES_AGGRESSIVE;
				CLANG_WARN_UNREACHABLE_CODE = YES;
				CLANG_WARN__DUPLICATE_METHOD_MATCH = YES;
				CODE_SIGN_IDENTITY = "iPhone Developer";
				COPY_PHASE_STRIP = NO;
				DEBUG_INFORMATION_FORMAT = "dwarf-with-dsym";
				ENABLE_NS_ASSERTIONS = NO;
				ENABLE_STRICT_OBJC_MSGSEND = YES;
				GCC_C_LANGUAGE_STANDARD = gnu11;
				GCC_NO_COMMON_BLOCKS = YES;
				GCC_WARN_64_TO_32_BIT_CONVERSION = YES;
				GCC_WARN_ABOUT_RETURN_TYPE = YES_ERROR;
				GCC_WARN_UNDECLARED_SELECTOR = YES;
				GCC_WARN_UNINITIALIZED_AUTOS = YES_AGGRESSIVE;
				GCC_WARN_UNUSED_FUNCTION = YES;
				GCC_WARN_UNUSED_VARIABLE = YES;
				IPHONEOS_DEPLOYMENT_TARGET = 11.1;
				MTL_ENABLE_DEBUG_INFO = NO;
				SDKROOT = iphoneos;
				SWIFT_OPTIMIZATION_LEVEL = "-Owholemodule";
				VALIDATE_PRODUCT = YES;
			};
			name = Release;
		};
		8879AF831FE93C1700FDF936 /* Debug */ = {
			isa = XCBuildConfiguration;
			buildSettings = {
				ASSETCATALOG_COMPILER_APPICON_NAME = AppIcon;
				CODE_SIGN_STYLE = Automatic;
				DEVELOPMENT_TEAM = FX7KZ75KQ4;
				INFOPLIST_FILE = CollectionExample_cw22/Info.plist;
				LD_RUNPATH_SEARCH_PATHS = "$(inherited) @executable_path/Frameworks";
				PRODUCT_BUNDLE_IDENTIFIER = "SG.CollectionExample-cw22";
				PRODUCT_NAME = "$(TARGET_NAME)";
				SWIFT_VERSION = 4.0;
				TARGETED_DEVICE_FAMILY = "1,2";
			};
			name = Debug;
		};
		8879AF841FE93C1700FDF936 /* Release */ = {
			isa = XCBuildConfiguration;
			buildSettings = {
				ASSETCATALOG_COMPILER_APPICON_NAME = AppIcon;
				CODE_SIGN_STYLE = Automatic;
				DEVELOPMENT_TEAM = FX7KZ75KQ4;
				INFOPLIST_FILE = CollectionExample_cw22/Info.plist;
				LD_RUNPATH_SEARCH_PATHS = "$(inherited) @executable_path/Frameworks";
				PRODUCT_BUNDLE_IDENTIFIER = "SG.CollectionExample-cw22";
				PRODUCT_NAME = "$(TARGET_NAME)";
				SWIFT_VERSION = 4.0;
				TARGETED_DEVICE_FAMILY = "1,2";
			};
			name = Release;
		};
/* End XCBuildConfiguration section */

/* Begin XCConfigurationList section */
		8879AF6B1FE93C1600FDF936 /* Build configuration list for PBXProject "CollectionExample_cw22" */ = {
			isa = XCConfigurationList;
			buildConfigurations = (
				8879AF801FE93C1700FDF936 /* Debug */,
				8879AF811FE93C1700FDF936 /* Release */,
			);
			defaultConfigurationIsVisible = 0;
			defaultConfigurationName = Release;
		};
		8879AF821FE93C1700FDF936 /* Build configuration list for PBXNativeTarget "CollectionExample_cw22" */ = {
			isa = XCConfigurationList;
			buildConfigurations = (
				8879AF831FE93C1700FDF936 /* Debug */,
				8879AF841FE93C1700FDF936 /* Release */,
			);
			defaultConfigurationIsVisible = 0;
			defaultConfigurationName = Release;
		};
/* End XCConfigurationList section */
	};
	rootObject = 8879AF681FE93C1600FDF936 /* Project object */;
}
